{
	"name": "vscode-whatthecommit",
	"version": "1.0.0",
	"lockfileVersion": 1,
	"requires": true,
	"dependencies": {
		"@types/node": {
			"version": "16.4.10",
			"resolved": "https://registry.npmjs.org/@types/node/-/node-16.4.10.tgz",
			"integrity": "sha512-TmVHsm43br64js9BqHWqiDZA+xMtbUpI1MBIA0EyiBmoV9pcEYFOSdj5fr6enZNfh4fChh+AGOLIzGwJnkshyQ==",
			"dev": true
		},
		"@types/vscode": {
			"version": "1.57.1",
			"resolved": "https://registry.npmjs.org/@types/vscode/-/vscode-1.57.1.tgz",
			"integrity": "sha512-I+NlKdnDnUZZ5HYu3F99ye3ERORnoqdyPer6nXVC7ToU/4WEjrCQOlLosmLyVoi75+UbKCJMFqTgeZuID+8yoA==",
			"dev": true
		},
		"typescript": {
			"version": "4.3.5",
			"resolved": "https://registry.npmjs.org/typescript/-/typescript-4.3.5.tgz",
			"integrity": "sha512-DqQgihaQ9cUrskJo9kIyW/+g0Vxsk8cDtZ52a3NGh0YNTfpUSArXSohyUGnvbPazEPLu398C0UxmKSOrPumUzA==",
			"dev": true
		}
	}
}
