{
	"name": "vscode-whatthecommit",
	"version": "1.0.0",
	"lockfileVersion": 1,
	"requires": true,
	"dependencies": {
		"@types/node": {
			"version": "15.6.0",
			"resolved": "https://registry.npmjs.org/@types/node/-/node-15.6.0.tgz",
			"integrity": "sha512-gCYSfQpy+LYhOFTKAeE8BkyGqaxmlFxe+n4DKM6DR0wzw/HISUE/hAmkC/KT8Sw5PCJblqg062b3z9gucv3k0A==",
			"dev": true
		},
		"@types/vscode": {
			"version": "1.54.0",
			"resolved": "https://registry.npmjs.org/@types/vscode/-/vscode-1.54.0.tgz",
			"integrity": "sha512-sHHw9HG4bTrnKhLGgmEiOS88OLO/2RQytUN4COX9Djv81zc0FSZsSiYaVyjNidDzUSpXsySKBkZ31lk2/FbdCg==",
			"dev": true
		},
		"typescript": {
			"version": "4.2.4",
			"resolved": "https://registry.npmjs.org/typescript/-/typescript-4.2.4.tgz",
			"integrity": "sha512-V+evlYHZnQkaz8TRBuxTA92yZBPotr5H+WhQ7bD3hZUndx5tGOa1fuCgeSjxAzM1RiN5IzvadIXTVefuuwZCRg==",
			"dev": true
		}
	}
}
